
Microsoft Visual Studio Solution File, Format Version 12.00
# Visual Studio 15
VisualStudioVersion = 15.0.26730.12
MinimumVisualStudioVersion = 10.0.40219.1
Project("{FAE04EC0-301F-11D3-BF4B-00C04F79EFBC}") = "Ksu.Cis300.MazeSolver", "Ksu.Cis300.MazeSolver\Ksu.Cis300.MazeSolver.csproj", "{30998EDB-F705-4116-B14A-AF9E7523843F}"
EndProject
Global
	GlobalSection(SolutionConfigurationPlatforms) = preSolution
		Debug|Any CPU = Debug|Any CPU
		Release|Any CPU = Release|Any CPU
	EndGlobalSection
	GlobalSection(ProjectConfigurationPlatforms) = postSolution
		{30998EDB-F705-4116-B14A-AF9E7523843F}.Debug|Any CPU.ActiveCfg = Debug|Any CPU
		{30998EDB-F705-4116-B14A-AF9E7523843F}.Debug|Any CPU.Build.0 = Debug|Any CPU
		{30998EDB-F705-4116-B14A-AF9E7523843F}.Release|Any CPU.ActiveCfg = Release|Any CPU
		{30998EDB-F705-4116-B14A-AF9E7523843F}.Release|Any CPU.Build.0 = Release|Any CPU
	EndGlobalSection
	GlobalSection(SolutionProperties) = preSolution
		HideSolutionNode = FALSE
	EndGlobalSection
	GlobalSection(ExtensibilityGlobals) = postSolution
		SolutionGuid = {5D185191-D2B0-4ECE-803A-ED587CA4C4C8}
	EndGlobalSection
EndGlobal
